
Microsoft Visual Studio Solution File, Format Version 12.00
Project("{F2A71F9B-5D33-465A-A702-920D77279786}") = "ParserAnalyzer", "ParserAnalyzer\ParserAnalyzer.fsproj", "{D2977E2B-E6EE-445A-9734-0C80344A5A9C}"
EndProject
Project("{F2A71F9B-5D33-465A-A702-920D77279786}") = "Tester", "Tester\Tester.fsproj", "{1EB0ADEA-D07E-48C5-9D6A-62814C513922}"
EndProject
Global
	GlobalSection(SolutionConfigurationPlatforms) = preSolution
		Debug|Any CPU = Debug|Any CPU
		Release|Any CPU = Release|Any CPU
	EndGlobalSection
	GlobalSection(ProjectConfigurationPlatforms) = postSolution
		{D2977E2B-E6EE-445A-9734-0C80344A5A9C}.Debug|Any CPU.ActiveCfg = Debug|Any CPU
		{D2977E2B-E6EE-445A-9734-0C80344A5A9C}.Debug|Any CPU.Build.0 = Debug|Any CPU
		{D2977E2B-E6EE-445A-9734-0C80344A5A9C}.Release|Any CPU.ActiveCfg = Release|Any CPU
		{D2977E2B-E6EE-445A-9734-0C80344A5A9C}.Release|Any CPU.Build.0 = Release|Any CPU
		{1EB0ADEA-D07E-48C5-9D6A-62814C513922}.Debug|Any CPU.ActiveCfg = Debug|Any CPU
		{1EB0ADEA-D07E-48C5-9D6A-62814C513922}.Debug|Any CPU.Build.0 = Debug|Any CPU
		{1EB0ADEA-D07E-48C5-9D6A-62814C513922}.Release|Any CPU.ActiveCfg = Release|Any CPU
		{1EB0ADEA-D07E-48C5-9D6A-62814C513922}.Release|Any CPU.Build.0 = Release|Any CPU
	EndGlobalSection
EndGlobal
